github.com/aws/aws-sdk-go v1.15.70 h1:hlRX+jjTgzNLvH0PIt1s74vz8tZNbw+StlUz+OGFtd0=
github.com/aws/aws-sdk-go v1.15.70/go.mod h1:E3/ieXAlvM0XWO57iftYVDLLvQ824smPP3ATZkfNZeM=
github.com/davecgh/go-spew v1.1.0 h1:ZDRjVQ15GmhC3fiQ8ni8+OwkZQO4DARzQgrnXU1Liz8=
github.com/davecgh/go-spew v1.1.0/go.mod h1:J7Y8YcW2NihsgmVo/mv3lAwl/skON4iLHjSsI+c5H38=
github.com/jmespath/go-jmespath v0.0.0-20160202185014-0b12d6b521d8 h1:12VvqtR6Aowv3l/EQUlocDHW2Cp4G9WJVH7uyH8QFJE=
github.com/jmespath/go-jmespath v0.0.0-20160202185014-0b12d6b521d8/go.mod h1:Nht3zPeWKUH0NzdCt2Blrr5ys8VGpn0CEB0cQHVjt7k=
github.com/phrase/awscfg v0.0.0-20181107074734-741c0a4fbe68 h1:Jd0K9XetbqylvdPDL5AC/fkPIlh025Joxcxdl6pFKr0=
github.com/phrase/awscfg v0.0.0-20181107074734-741c0a4fbe68/go.mod h1:WhcnrTYCk0tt2d58bKu4M2m5MnXDTcnOM/oCVCwc9z0=
github.com/phrase/yubioath v0.0.0-20181107085049-de4cff23725c h1:3mVjznFG3jN7AQ/5mHGvKK+0ieGWpHInZdP3G+S2a/s=
github.com/phrase/yubioath v0.0.0-20181107085049-de4cff23725c/go.mod h1:aqsmBla/GruBTvpWm4MiY6FRwV5spnFiezuG59RVB8Y=
github.com/pmezard/go-difflib v1.0.0 h1:4DBwDE0NGyQoBHbLQYPwSUPoCMWR5BEzIk/f1lZbAQM=
github.com/pmezard/go-difflib v1.0.0/go.mod h1:iKH77koFhYxTK1pcRnkKkqfTogsbg7gZNVY4sRDYZ/4=
github.com/stretchr/objx v0.1.0/go.mod h1:HFkY916IF+rwdDfMAkV7OtwuqBVzrE8GR6GFx+wExME=
github.com/stretchr/testify v1.3.0 h1:TivCn/peBQ7UY8ooIcPgZFpTNSz0Q2U6UrFlUfqbe0Q=
github.com/stretchr/testify v1.3.0/go.mod h1:M5WIy9Dh21IEIfnGCwXGc5bZfKNJtfHm1UVUgZn+9EI=
golang.org/x/crypto v0.0.0-20190308221718-c2843e01d9a2/go.mod h1:djNgcEr1/C05ACkg1iLfiJU5Ep61QUkGW8qpdssI0+w=
golang.org/x/net v0.0.0-20190327214358-63eda1eb0650 h1:XCbwcsP09zrBt1aYht0fASw+ynbEpYr8NnCkIN9nMM0=
golang.org/x/net v0.0.0-20190327214358-63eda1eb0650/go.mod h1:t9HGtf8HONx5eT2rtn7q6eTqICYqUVnKs3thJo3Qplg=
golang.org/x/sys v0.0.0-20190215142949-d0b11bdaac8a/go.mod h1:STP8DvDyc/dI5b8T5hshtkjS+E42TnysNCUPdjciGhY=
golang.org/x/text v0.3.0 h1:g61tztE5qeGQ89tm6NTjjM9VPIm088od1l6aSorWRWg=
golang.org/x/text v0.3.0/go.mod h1:NqM8EUOU14njkJ3fqMW+pc6Ldnwhi/IjpwHt7yyuwOQ=
