# This file is autogenerated, do not edit; changes may be undone by the next 'dep ensure'.


[[projects]]
  digest = "1:a22935c30ba174880e1b019023ffc9a714c9c91fb208b5fc3a7d55e52adf61d0"
  name = "github.com/aws/aws-sdk-go"
  packages = [
    "aws",
    "aws/awserr",
    "aws/awsutil",
    "aws/client",
    "aws/client/metadata",
    "aws/corehandlers",
    "aws/credentials",
    "aws/credentials/ec2rolecreds",
    "aws/credentials/endpointcreds",
    "aws/credentials/stscreds",
    "aws/csm",
    "aws/defaults",
    "aws/ec2metadata",
    "aws/endpoints",
    "aws/request",
    "aws/session",
    "aws/signer/v4",
    "internal/ini",
    "internal/sdkio",
    "internal/sdkrand",
    "internal/sdkuri",
    "internal/shareddefaults",
    "private/protocol",
    "private/protocol/query",
    "private/protocol/query/queryutil",
    "private/protocol/rest",
    "private/protocol/xml/xmlutil",
    "service/iam",
    "service/sts",
  ]
  pruneopts = "UT"
  revision = "b20851c3cbaede4743ba0672171623986539f0b4"
  version = "v1.15.70"

[[projects]]
  digest = "1:e22af8c7518e1eab6f2eab2b7d7558927f816262586cd6ed9f349c97a6c285c4"
  name = "github.com/jmespath/go-jmespath"
  packages = ["."]
  pruneopts = "UT"
  revision = "0b12d6b5"

[[projects]]
  branch = "master"
  digest = "1:85c4e4902ebef82985850d016ee39ebe25d360c9fb03a847016bb514d8bc9eaf"
  name = "github.com/phrase/awscfg"
  packages = [
    ".",
    "metadata",
  ]
  pruneopts = "UT"
  revision = "741c0a4fbe68ce3ad8edea3f37181766b314208b"

[[projects]]
  branch = "master"
  digest = "1:8aa0e7e53ed0a40053f22aef53e56f3020ec5b35cf6138737eafd5692da74bd0"
  name = "github.com/phrase/yubioath"
  packages = ["."]
  pruneopts = "UT"
  revision = "de4cff23725cce845900ea7e597b6b10b96b0cc5"

[solve-meta]
  analyzer-name = "dep"
  analyzer-version = 1
  input-imports = [
    "github.com/aws/aws-sdk-go/aws",
    "github.com/phrase/awscfg",
  ]
  solver-name = "gps-cdcl"
  solver-version = 1
